dependencies:
- name: cluster
  repository: https://giantswarm.github.io/cluster-catalog
  version: 6.7.0
- name: cluster-shared
  repository: https://giantswarm.github.io/cluster-catalog
  version: 0.7.1
digest: sha256:23ac5826c6244388bc34a83ce2011fc36c7584efa447452e93ef0518a890fadf
generated: "2026-06-17T18:04:16.860425401Z"
