dependencies:
- name: cluster
  repository: https://giantswarm.github.io/cluster-catalog
  version: 6.8.0
- name: cluster-shared
  repository: https://giantswarm.github.io/cluster-catalog
  version: 0.7.1
digest: sha256:58d4f565f21fa31ae36fe9ae0df1f27c34e62e2ac0f57070b87c7fc5a3abceb7
generated: "2026-07-14T14:11:49.89795887Z"
